
Microsoft Visual Studio Solution File, Format Version 12.00
# Visual Studio Version 17
VisualStudioVersion = 17.9.34728.123
MinimumVisualStudioVersion = 10.0.40219.1
Project("{9A19103F-16F7-4668-BE54-9A1E7A4F7556}") = "EssentialMAUIUIKit", "EssentialMAUIUIKit\EssentialMAUIUIKit.csproj", "{680C3999-F2F2-4227-AE35-6C0DC5A2EBB7}"
EndProject
Global
	GlobalSection(SolutionConfigurationPlatforms) = preSolution
		Debug|Any CPU = Debug|Any CPU
		Release|Any CPU = Release|Any CPU
		Release-Xml|Any CPU = Release-Xml|Any CPU
	EndGlobalSection
	GlobalSection(ProjectConfigurationPlatforms) = postSolution
		{680C3999-F2F2-4227-AE35-6C0DC5A2EBB7}.Debug|Any CPU.ActiveCfg = Debug|Any CPU
		{680C3999-F2F2-4227-AE35-6C0DC5A2EBB7}.Debug|Any CPU.Build.0 = Debug|Any CPU
		{680C3999-F2F2-4227-AE35-6C0DC5A2EBB7}.Debug|Any CPU.Deploy.0 = Debug|Any CPU
		{680C3999-F2F2-4227-AE35-6C0DC5A2EBB7}.Release|Any CPU.ActiveCfg = Release|Any CPU
		{680C3999-F2F2-4227-AE35-6C0DC5A2EBB7}.Release|Any CPU.Build.0 = Release|Any CPU
		{680C3999-F2F2-4227-AE35-6C0DC5A2EBB7}.Release|Any CPU.Deploy.0 = Release|Any CPU
		{680C3999-F2F2-4227-AE35-6C0DC5A2EBB7}.Release-Xml|Any CPU.ActiveCfg = Release|Any CPU
		{680C3999-F2F2-4227-AE35-6C0DC5A2EBB7}.Release-Xml|Any CPU.Build.0 = Release|Any CPU
		{680C3999-F2F2-4227-AE35-6C0DC5A2EBB7}.Release-Xml|Any CPU.Deploy.0 = Release|Any CPU
	EndGlobalSection
	GlobalSection(SolutionProperties) = preSolution
		HideSolutionNode = FALSE
	EndGlobalSection
	GlobalSection(ExtensibilityGlobals) = postSolution
		SolutionGuid = {E146AF58-3897-4E96-96A9-1A4FF3644094}
	EndGlobalSection
EndGlobal
